Microsoft Visual Studio Solution File, Format Version 12.00
# Visual Studio Version 17
VisualStudioVersion = 17.0.31903.59
MinimumVisualStudioVersion = 10.0.40219.1
Project("{FAE04EC0-301F-11D3-BF4B-00C04F79EFBC}") = "Lab1.Task1", "Lab1.Task1\Lab1.Task1.csproj", "{445990F0-3ABF-493B-A981-E02C5A73B61A}"
EndProject
Project("{FAE04EC0-301F-11D3-BF4B-00C04F79EFBC}") = "Lab1.Task2", "Lab1.Task2\Lab1.Task2.csproj", "{AA01DB0E-C9A4-47A2-8F7E-0682EDB3BF67}"
EndProject
Project("{FAE04EC0-301F-11D3-BF4B-00C04F79EFBC}") = "Lab1.Task3", "Lab1.Task3\Lab1.Task3.csproj", "{27268517-ECD3-41AD-B580-8891E4E8D384}"
EndProject
Project("{FAE04EC0-301F-11D3-BF4B-00C04F79EFBC}") = "Lab2.Task1_1", "Lab2.Task1_1\Lab2.Task1_1.csproj", "{617ED388-EC97-46FA-B139-02847EE0BE5B}"
EndProject
Project("{FAE04EC0-301F-11D3-BF4B-00C04F79EFBC}") = "Lab2.Task1_2", "Lab2.Task1_2\Lab2.Task1_2.csproj", "{235BF3B4-9C77-4ABB-A64F-7FEF47DB74CA}"
EndProject
Project("{FAE04EC0-301F-11D3-BF4B-00C04F79EFBC}") = "Lab2.Task2.Sync", "Lab2.Task2.Sync\Lab2.Task2.Sync.csproj", "{787F92FD-ACB0-4DD6-9AF3-7F07D51B003F}"
EndProject
Project("{FAE04EC0-301F-11D3-BF4B-00C04F79EFBC}") = "Lab2.Task2.Async", "Lab2.Task2.Async\Lab2.Task2.Async.csproj", "{00AC6574-4187-4271-8A2C-927299BA67D5}"
EndProject
Project("{FAE04EC0-301F-11D3-BF4B-00C04F79EFBC}") = "Lab3.CrudApi", "Lab3.CrudApi\Lab3.CrudApi.csproj", "{BB23DC1D-031B-4C1B-8734-086FA9A83D69}"
EndProject
Global
	GlobalSection(SolutionConfigurationPlatforms) = preSolution
		Debug|Any CPU = Debug|Any CPU
		Release|Any CPU = Release|Any CPU
	EndGlobalSection
	GlobalSection(ProjectConfigurationPlatforms) = postSolution
		{445990F0-3ABF-493B-A981-E02C5A73B61A}.Debug|Any CPU.ActiveCfg = Debug|Any CPU
		{445990F0-3ABF-493B-A981-E02C5A73B61A}.Debug|Any CPU.Build.0 = Debug|Any CPU
		{445990F0-3ABF-493B-A981-E02C5A73B61A}.Release|Any CPU.ActiveCfg = Release|Any CPU
		{445990F0-3ABF-493B-A981-E02C5A73B61A}.Release|Any CPU.Build.0 = Release|Any CPU
		{AA01DB0E-C9A4-47A2-8F7E-0682EDB3BF67}.Debug|Any CPU.ActiveCfg = Debug|Any CPU
		{AA01DB0E-C9A4-47A2-8F7E-0682EDB3BF67}.Debug|Any CPU.Build.0 = Debug|Any CPU
		{AA01DB0E-C9A4-47A2-8F7E-0682EDB3BF67}.Release|Any CPU.ActiveCfg = Release|Any CPU
		{AA01DB0E-C9A4-47A2-8F7E-0682EDB3BF67}.Release|Any CPU.Build.0 = Release|Any CPU
		{27268517-ECD3-41AD-B580-8891E4E8D384}.Debug|Any CPU.ActiveCfg = Debug|Any CPU
		{27268517-ECD3-41AD-B580-8891E4E8D384}.Debug|Any CPU.Build.0 = Debug|Any CPU
		{27268517-ECD3-41AD-B580-8891E4E8D384}.Release|Any CPU.ActiveCfg = Release|Any CPU
		{27268517-ECD3-41AD-B580-8891E4E8D384}.Release|Any CPU.Build.0 = Release|Any CPU
		{617ED388-EC97-46FA-B139-02847EE0BE5B}.Debug|Any CPU.ActiveCfg = Debug|Any CPU
		{617ED388-EC97-46FA-B139-02847EE0BE5B}.Debug|Any CPU.Build.0 = Debug|Any CPU
		{617ED388-EC97-46FA-B139-02847EE0BE5B}.Release|Any CPU.ActiveCfg = Release|Any CPU
		{617ED388-EC97-46FA-B139-02847EE0BE5B}.Release|Any CPU.Build.0 = Release|Any CPU
		{235BF3B4-9C77-4ABB-A64F-7FEF47DB74CA}.Debug|Any CPU.ActiveCfg = Debug|Any CPU
		{235BF3B4-9C77-4ABB-A64F-7FEF47DB74CA}.Debug|Any CPU.Build.0 = Debug|Any CPU
		{235BF3B4-9C77-4ABB-A64F-7FEF47DB74CA}.Release|Any CPU.ActiveCfg = Release|Any CPU
		{235BF3B4-9C77-4ABB-A64F-7FEF47DB74CA}.Release|Any CPU.Build.0 = Release|Any CPU
		{787F92FD-ACB0-4DD6-9AF3-7F07D51B003F}.Debug|Any CPU.ActiveCfg = Debug|Any CPU
		{787F92FD-ACB0-4DD6-9AF3-7F07D51B003F}.Debug|Any CPU.Build.0 = Debug|Any CPU
		{787F92FD-ACB0-4DD6-9AF3-7F07D51B003F}.Release|Any CPU.ActiveCfg = Release|Any CPU
		{787F92FD-ACB0-4DD6-9AF3-7F07D51B003F}.Release|Any CPU.Build.0 = Release|Any CPU
		{00AC6574-4187-4271-8A2C-927299BA67D5}.Debug|Any CPU.ActiveCfg = Debug|Any CPU
		{00AC6574-4187-4271-8A2C-927299BA67D5}.Debug|Any CPU.Build.0 = Debug|Any CPU
		{00AC6574-4187-4271-8A2C-927299BA67D5}.Release|Any CPU.ActiveCfg = Release|Any CPU
		{00AC6574-4187-4271-8A2C-927299BA67D5}.Release|Any CPU.Build.0 = Release|Any CPU
		{BB23DC1D-031B-4C1B-8734-086FA9A83D69}.Debug|Any CPU.ActiveCfg = Debug|Any CPU
		{BB23DC1D-031B-4C1B-8734-086FA9A83D69}.Debug|Any CPU.Build.0 = Debug|Any CPU
		{BB23DC1D-031B-4C1B-8734-086FA9A83D69}.Release|Any CPU.ActiveCfg = Release|Any CPU
		{BB23DC1D-031B-4C1B-8734-086FA9A83D69}.Release|Any CPU.Build.0 = Release|Any CPU
	EndGlobalSection
	GlobalSection(SolutionProperties) = preSolution
		HideSolutionNode = FALSE
	EndGlobalSection
EndGlobal
